
Microsoft Visual Studio Solution File, Format Version 12.00
# Visual Studio Version 17
VisualStudioVersion = 17.0.31903.59
MinimumVisualStudioVersion = 10.0.40219.1
Project("{2150E333-8FDC-42A3-9474-1A3956D46DE8}") = "src", "src", "{18B3F06A-1263-44E1-8A29-7ADD6B2B8EA1}"
EndProject
Project("{FAE04EC0-301F-11D3-BF4B-00C04F79EFBC}") = "Phoenix.Shared", "src\Phoenix.Shared\Phoenix.Shared.csproj", "{E447C58D-BCD2-4FBF-8284-30597330DE24}"
EndProject
Project("{FAE04EC0-301F-11D3-BF4B-00C04F79EFBC}") = "Phoenix.Entities", "src\Phoenix.Entities\Phoenix.Entities.csproj", "{D05B5184-1309-4F72-A226-337F5DED0D3E}"
EndProject
Project("{FAE04EC0-301F-11D3-BF4B-00C04F79EFBC}") = "Phoenix.Models", "src\Phoenix.Models\Phoenix.Models.csproj", "{0AB3575F-14C9-4585-8C4D-EACD587FB07B}"
EndProject
Project("{FAE04EC0-301F-11D3-BF4B-00C04F79EFBC}") = "Phoenix.Validators", "src\Phoenix.Validators\Phoenix.Validators.csproj", "{1AF7DB06-06FC-4BC8-A602-15E485953802}"
EndProject
Project("{FAE04EC0-301F-11D3-BF4B-00C04F79EFBC}") = "Phoenix.Services", "src\Phoenix.Services\Phoenix.Services.csproj", "{807B8C7A-3AA8-45B4-90C9-940D9894BCDA}"
EndProject
Project("{FAE04EC0-301F-11D3-BF4B-00C04F79EFBC}") = "Phoenix.Api.Shared", "src\Phoenix.Api.Shared\Phoenix.Api.Shared.csproj", "{64027EE7-2AEC-4819-8E6C-83A986B2FABF}"
EndProject
Project("{FAE04EC0-301F-11D3-BF4B-00C04F79EFBC}") = "Phoenix.Api.Client", "src\Phoenix.Api.Client\Phoenix.Api.Client.csproj", "{E6FE426E-6889-49EE-9233-C73D97CB92EA}"
EndProject
Project("{FAE04EC0-301F-11D3-BF4B-00C04F79EFBC}") = "Phoenix.Api.Web", "src\Phoenix.Api.Web\Phoenix.Api.Web.csproj", "{DC214C2F-5E1E-48B1-99A6-6A3E3298C0CC}"
EndProject
Project("{FAE04EC0-301F-11D3-BF4B-00C04F79EFBC}") = "Phoenix.Client", "src\Phoenix.Client\Phoenix.Client.csproj", "{96BDBD4B-F34B-4FBD-AD08-48D5F719CA00}"
EndProject
Global
	GlobalSection(SolutionConfigurationPlatforms) = preSolution
		Debug|Any CPU = Debug|Any CPU
		Release|Any CPU = Release|Any CPU
	EndGlobalSection
	GlobalSection(SolutionProperties) = preSolution
		HideSolutionNode = FALSE
	EndGlobalSection
	GlobalSection(ProjectConfigurationPlatforms) = postSolution
		{E447C58D-BCD2-4FBF-8284-30597330DE24}.Debug|Any CPU.ActiveCfg = Debug|Any CPU
		{E447C58D-BCD2-4FBF-8284-30597330DE24}.Debug|Any CPU.Build.0 = Debug|Any CPU
		{E447C58D-BCD2-4FBF-8284-30597330DE24}.Release|Any CPU.ActiveCfg = Release|Any CPU
		{E447C58D-BCD2-4FBF-8284-30597330DE24}.Release|Any CPU.Build.0 = Release|Any CPU
		{D05B5184-1309-4F72-A226-337F5DED0D3E}.Debug|Any CPU.ActiveCfg = Debug|Any CPU
		{D05B5184-1309-4F72-A226-337F5DED0D3E}.Debug|Any CPU.Build.0 = Debug|Any CPU
		{D05B5184-1309-4F72-A226-337F5DED0D3E}.Release|Any CPU.ActiveCfg = Release|Any CPU
		{D05B5184-1309-4F72-A226-337F5DED0D3E}.Release|Any CPU.Build.0 = Release|Any CPU
		{0AB3575F-14C9-4585-8C4D-EACD587FB07B}.Debug|Any CPU.ActiveCfg = Debug|Any CPU
		{0AB3575F-14C9-4585-8C4D-EACD587FB07B}.Debug|Any CPU.Build.0 = Debug|Any CPU
		{0AB3575F-14C9-4585-8C4D-EACD587FB07B}.Release|Any CPU.ActiveCfg = Release|Any CPU
		{0AB3575F-14C9-4585-8C4D-EACD587FB07B}.Release|Any CPU.Build.0 = Release|Any CPU
		{1AF7DB06-06FC-4BC8-A602-15E485953802}.Debug|Any CPU.ActiveCfg = Debug|Any CPU
		{1AF7DB06-06FC-4BC8-A602-15E485953802}.Debug|Any CPU.Build.0 = Debug|Any CPU
		{1AF7DB06-06FC-4BC8-A602-15E485953802}.Release|Any CPU.ActiveCfg = Release|Any CPU
		{1AF7DB06-06FC-4BC8-A602-15E485953802}.Release|Any CPU.Build.0 = Release|Any CPU
		{807B8C7A-3AA8-45B4-90C9-940D9894BCDA}.Debug|Any CPU.ActiveCfg = Debug|Any CPU
		{807B8C7A-3AA8-45B4-90C9-940D9894BCDA}.Debug|Any CPU.Build.0 = Debug|Any CPU
		{807B8C7A-3AA8-45B4-90C9-940D9894BCDA}.Release|Any CPU.ActiveCfg = Release|Any CPU
		{807B8C7A-3AA8-45B4-90C9-940D9894BCDA}.Release|Any CPU.Build.0 = Release|Any CPU
		{64027EE7-2AEC-4819-8E6C-83A986B2FABF}.Debug|Any CPU.ActiveCfg = Debug|Any CPU
		{64027EE7-2AEC-4819-8E6C-83A986B2FABF}.Debug|Any CPU.Build.0 = Debug|Any CPU
		{64027EE7-2AEC-4819-8E6C-83A986B2FABF}.Release|Any CPU.ActiveCfg = Release|Any CPU
		{64027EE7-2AEC-4819-8E6C-83A986B2FABF}.Release|Any CPU.Build.0 = Release|Any CPU
		{E6FE426E-6889-49EE-9233-C73D97CB92EA}.Debug|Any CPU.ActiveCfg = Debug|Any CPU
		{E6FE426E-6889-49EE-9233-C73D97CB92EA}.Debug|Any CPU.Build.0 = Debug|Any CPU
		{E6FE426E-6889-49EE-9233-C73D97CB92EA}.Release|Any CPU.ActiveCfg = Release|Any CPU
		{E6FE426E-6889-49EE-9233-C73D97CB92EA}.Release|Any CPU.Build.0 = Release|Any CPU
		{DC214C2F-5E1E-48B1-99A6-6A3E3298C0CC}.Debug|Any CPU.ActiveCfg = Debug|Any CPU
		{DC214C2F-5E1E-48B1-99A6-6A3E3298C0CC}.Debug|Any CPU.Build.0 = Debug|Any CPU
		{DC214C2F-5E1E-48B1-99A6-6A3E3298C0CC}.Release|Any CPU.ActiveCfg = Release|Any CPU
		{DC214C2F-5E1E-48B1-99A6-6A3E3298C0CC}.Release|Any CPU.Build.0 = Release|Any CPU
		{96BDBD4B-F34B-4FBD-AD08-48D5F719CA00}.Debug|Any CPU.ActiveCfg = Debug|Any CPU
		{96BDBD4B-F34B-4FBD-AD08-48D5F719CA00}.Debug|Any CPU.Build.0 = Debug|Any CPU
		{96BDBD4B-F34B-4FBD-AD08-48D5F719CA00}.Release|Any CPU.ActiveCfg = Release|Any CPU
		{96BDBD4B-F34B-4FBD-AD08-48D5F719CA00}.Release|Any CPU.Build.0 = Release|Any CPU
	EndGlobalSection
	GlobalSection(NestedProjects) = preSolution
		{E447C58D-BCD2-4FBF-8284-30597330DE24} = {18B3F06A-1263-44E1-8A29-7ADD6B2B8EA1}
		{D05B5184-1309-4F72-A226-337F5DED0D3E} = {18B3F06A-1263-44E1-8A29-7ADD6B2B8EA1}
		{0AB3575F-14C9-4585-8C4D-EACD587FB07B} = {18B3F06A-1263-44E1-8A29-7ADD6B2B8EA1}
		{1AF7DB06-06FC-4BC8-A602-15E485953802} = {18B3F06A-1263-44E1-8A29-7ADD6B2B8EA1}
		{807B8C7A-3AA8-45B4-90C9-940D9894BCDA} = {18B3F06A-1263-44E1-8A29-7ADD6B2B8EA1}
		{64027EE7-2AEC-4819-8E6C-83A986B2FABF} = {18B3F06A-1263-44E1-8A29-7ADD6B2B8EA1}
		{E6FE426E-6889-49EE-9233-C73D97CB92EA} = {18B3F06A-1263-44E1-8A29-7ADD6B2B8EA1}
		{DC214C2F-5E1E-48B1-99A6-6A3E3298C0CC} = {18B3F06A-1263-44E1-8A29-7ADD6B2B8EA1}
		{96BDBD4B-F34B-4FBD-AD08-48D5F719CA00} = {18B3F06A-1263-44E1-8A29-7ADD6B2B8EA1}
	EndGlobalSection
EndGlobal
